GEM
  remote: https://rubygems.org/
  specs:
    coderay (1.1.3)
    csv (3.3.6)
    fiddle (1.1.8)
    io-console (0.9.2)
    method_source (1.1.0)
    numo-linalg (0.1.7)
      numo-narray (>= 0.9.1.4)
    numo-narray (0.9.2.1)
    pry (0.16.0)
      coderay (~> 1.1)
      method_source (~> 1.0)
      reline (>= 0.6.0)
    pycall (1.5.3)
      fiddle (>= 1.0.0)
    red-chainer (0.4.1)
      numo-narray (>= 0.9.1.1)
      red-datasets (>= 0.0.6)
    red-datasets (0.2.1)
      csv (>= 3.2.4)
      rexml
      rubyzip
    reline (0.7.0)
      io-console (~> 0.5)
    rexml (3.4.4)
    rubyzip (3.6.0)

PLATFORMS
  ruby
  x86_64-linux

DEPENDENCIES
  numo-linalg
  pry
  pycall
  red-chainer

CHECKSUMS
  bundler (4.0.18) sha256=02d9a17429de1847b4e0c9f27a9ee4b20c0a74c0a641b4e77195d6019e3618ac
  coderay (1.1.3) sha256=dc530018a4684512f8f38143cd2a096c9f02a1fc2459edcfe534787a7fc77d4b
  csv (3.3.6) sha256=aba61e7e507a66f03d45cb1f3c4b6359861c3504038b422962875dce099e4456
  fiddle (1.1.8) sha256=7fa8ee3627271497f3add5503acdbc3f40b32f610fc1cf49634f083ef3f32eee
  io-console (0.9.2) sha256=efa74f891dd03c0939a931dfc6e74c2813d904763d456ea9762b0525e748db08
  method_source (1.1.0) sha256=181301c9c45b731b4769bc81e8860e72f9161ad7d66dd99103c9ab84f560f5c5
  numo-linalg (0.1.7) sha256=bf5faa48b682b707535a11ce8e10e8b74896aa61497e0d3b1f73a22c3455301b
  numo-narray (0.9.2.1) sha256=eed76b47eebe1288ffd878b387f1882f4863d8e6ab5dd61453768139e14adceb
  pry (0.16.0) sha256=d76c69065698ed1f85e717bd33d7942c38a50868f6b0673c636192b3d1b6054e
  pycall (1.5.3) sha256=bb8c626c44ecc64508a73e6f7cd9b34e35a63daf25b332803b15e39919efe36d
  red-chainer (0.4.1) sha256=3fd52c3d09c2b4ad7f356d911b212a1e9020949a6e3b9805792520bb3c569c2f
  red-datasets (0.2.1) sha256=a9f1427a4914e05fdd1c16f1a37bc5d5c8c3547dab682fd63bc8ec7c7508d3d0
  reline (0.7.0) sha256=5b012d8e55dbf9d450f12bde2cf7d15ff546ae80b3f8f3b30e570d431815583d
  rexml (3.4.4) sha256=19e0a2c3425dfbf2d4fc1189747bdb2f849b6c5e74180401b15734bc97b5d142
  rubyzip (3.6.0) sha256=268994d44d62282d1cfd99bf10eae48d7267199158ad7ea3e1fee2da9458b695

BUNDLED WITH
  4.0.18
